
Microsoft Visual Studio Solution File, Format Version 12.00
# Visual Studio 15
VisualStudioVersion = 15.0.28010.2046
MinimumVisualStudioVersion = 10.0.40219.1
Project("{FAE04EC0-301F-11D3-BF4B-00C04F79EFBC}") = "StonePro", "StonePro\StonePro.csproj", "{C257D2EF-FC1F-484A-8C91-A1F6785E4E8A}"
EndProject
Project("{FAE04EC0-301F-11D3-BF4B-00C04F79EFBC}") = "StonePro.Tests", "StonePro.Tests\StonePro.Tests.csproj", "{B8BEE1AC-9B21-4403-9F17-A3BBC2A9A751}"
EndProject
Project("{9A19103F-16F7-4668-BE54-9A1E7A4F7556}") = "StoneCore", "StoneCore\StoneCore.csproj", "{F2719CB2-BF04-4E7D-B900-D234A6550ED7}"
EndProject
Project("{9A19103F-16F7-4668-BE54-9A1E7A4F7556}") = "ConfigSimple", "ConfigSimple\ConfigSimple.csproj", "{02B40F93-D1FC-4FEA-BC8F-18F58EE5C953}"
EndProject
Project("{9A19103F-16F7-4668-BE54-9A1E7A4F7556}") = "WebSimple", "WebSimple\WebSimple.csproj", "{7C9DFC3D-FEAF-4257-B400-49B76221D42E}"
EndProject
Project("{2150E333-8FDC-42A3-9474-1A3956D46DE8}") = "Event", "Event", "{73EB2195-46D2-4ED6-8DDC-FD945A9FBFFE}"
EndProject
Project("{FAE04EC0-301F-11D3-BF4B-00C04F79EFBC}") = "MyEvent", "MyEvent\MyEvent.csproj", "{DCE26E65-A201-48BC-9B14-6E24F261F50B}"
EndProject
Project("{2150E333-8FDC-42A3-9474-1A3956D46DE8}") = "Console", "Console", "{F756434F-922E-4AA8-AAEE-D5B80E4EC6BB}"
EndProject
Project("{FAE04EC0-301F-11D3-BF4B-00C04F79EFBC}") = "ConsoleApp1", "ConsoleApp1\ConsoleApp1.csproj", "{1E8CC2CA-5223-4BE8-9087-0DCF4340846B}"
EndProject
Project("{FAE04EC0-301F-11D3-BF4B-00C04F79EFBC}") = "MyDelegate", "MyDelegate\MyDelegate.csproj", "{DB39E44F-73AF-4ADE-85DC-36D77153FF55}"
EndProject
Project("{2150E333-8FDC-42A3-9474-1A3956D46DE8}") = "WinService", "WinService", "{8577F6E3-6A07-4D59-B2C3-33C7CC414221}"
EndProject
Project("{FAE04EC0-301F-11D3-BF4B-00C04F79EFBC}") = "TestForEvent", "TestForEvent\TestForEvent.csproj", "{D4D3397C-4372-4C61-9BB9-20642B1A43CF}"
EndProject
Project("{2150E333-8FDC-42A3-9474-1A3956D46DE8}") = "MyQuartz", "MyQuartz", "{56E2B43B-1CBE-46BA-9BEA-7A0E015A0077}"
EndProject
Project("{FAE04EC0-301F-11D3-BF4B-00C04F79EFBC}") = "QuartzDemo", "QueartzDemo\QuartzDemo.csproj", "{5180B12A-DDA3-4375-BECC-A3910455B6B4}"
EndProject
Global
	GlobalSection(SolutionConfigurationPlatforms) = preSolution
		Debug|Any CPU = Debug|Any CPU
		Release|Any CPU = Release|Any CPU
	EndGlobalSection
	GlobalSection(ProjectConfigurationPlatforms) = postSolution
		{C257D2EF-FC1F-484A-8C91-A1F6785E4E8A}.Debug|Any CPU.ActiveCfg = Debug|Any CPU
		{C257D2EF-FC1F-484A-8C91-A1F6785E4E8A}.Debug|Any CPU.Build.0 = Debug|Any CPU
		{C257D2EF-FC1F-484A-8C91-A1F6785E4E8A}.Release|Any CPU.ActiveCfg = Release|Any CPU
		{C257D2EF-FC1F-484A-8C91-A1F6785E4E8A}.Release|Any CPU.Build.0 = Release|Any CPU
		{B8BEE1AC-9B21-4403-9F17-A3BBC2A9A751}.Debug|Any CPU.ActiveCfg = Debug|Any CPU
		{B8BEE1AC-9B21-4403-9F17-A3BBC2A9A751}.Debug|Any CPU.Build.0 = Debug|Any CPU
		{B8BEE1AC-9B21-4403-9F17-A3BBC2A9A751}.Release|Any CPU.ActiveCfg = Release|Any CPU
		{B8BEE1AC-9B21-4403-9F17-A3BBC2A9A751}.Release|Any CPU.Build.0 = Release|Any CPU
		{5180B12A-DDA3-4375-BECC-A3910455B6B4}.Debug|Any CPU.ActiveCfg = Debug|Any CPU
		{5180B12A-DDA3-4375-BECC-A3910455B6B4}.Debug|Any CPU.Build.0 = Debug|Any CPU
		{5180B12A-DDA3-4375-BECC-A3910455B6B4}.Release|Any CPU.ActiveCfg = Release|Any CPU
		{5180B12A-DDA3-4375-BECC-A3910455B6B4}.Release|Any CPU.Build.0 = Release|Any CPU
		{F2719CB2-BF04-4E7D-B900-D234A6550ED7}.Debug|Any CPU.ActiveCfg = Debug|Any CPU
		{F2719CB2-BF04-4E7D-B900-D234A6550ED7}.Debug|Any CPU.Build.0 = Debug|Any CPU
		{F2719CB2-BF04-4E7D-B900-D234A6550ED7}.Release|Any CPU.ActiveCfg = Release|Any CPU
		{F2719CB2-BF04-4E7D-B900-D234A6550ED7}.Release|Any CPU.Build.0 = Release|Any CPU
		{02B40F93-D1FC-4FEA-BC8F-18F58EE5C953}.Debug|Any CPU.ActiveCfg = Debug|Any CPU
		{02B40F93-D1FC-4FEA-BC8F-18F58EE5C953}.Debug|Any CPU.Build.0 = Debug|Any CPU
		{02B40F93-D1FC-4FEA-BC8F-18F58EE5C953}.Release|Any CPU.ActiveCfg = Release|Any CPU
		{02B40F93-D1FC-4FEA-BC8F-18F58EE5C953}.Release|Any CPU.Build.0 = Release|Any CPU
		{7C9DFC3D-FEAF-4257-B400-49B76221D42E}.Debug|Any CPU.ActiveCfg = Debug|Any CPU
		{7C9DFC3D-FEAF-4257-B400-49B76221D42E}.Debug|Any CPU.Build.0 = Debug|Any CPU
		{7C9DFC3D-FEAF-4257-B400-49B76221D42E}.Release|Any CPU.ActiveCfg = Release|Any CPU
		{7C9DFC3D-FEAF-4257-B400-49B76221D42E}.Release|Any CPU.Build.0 = Release|Any CPU
		{DCE26E65-A201-48BC-9B14-6E24F261F50B}.Debug|Any CPU.ActiveCfg = Debug|Any CPU
		{DCE26E65-A201-48BC-9B14-6E24F261F50B}.Debug|Any CPU.Build.0 = Debug|Any CPU
		{DCE26E65-A201-48BC-9B14-6E24F261F50B}.Release|Any CPU.ActiveCfg = Release|Any CPU
		{DCE26E65-A201-48BC-9B14-6E24F261F50B}.Release|Any CPU.Build.0 = Release|Any CPU
		{1E8CC2CA-5223-4BE8-9087-0DCF4340846B}.Debug|Any CPU.ActiveCfg = Debug|Any CPU
		{1E8CC2CA-5223-4BE8-9087-0DCF4340846B}.Debug|Any CPU.Build.0 = Debug|Any CPU
		{1E8CC2CA-5223-4BE8-9087-0DCF4340846B}.Release|Any CPU.ActiveCfg = Release|Any CPU
		{1E8CC2CA-5223-4BE8-9087-0DCF4340846B}.Release|Any CPU.Build.0 = Release|Any CPU
		{DB39E44F-73AF-4ADE-85DC-36D77153FF55}.Debug|Any CPU.ActiveCfg = Debug|Any CPU
		{DB39E44F-73AF-4ADE-85DC-36D77153FF55}.Debug|Any CPU.Build.0 = Debug|Any CPU
		{DB39E44F-73AF-4ADE-85DC-36D77153FF55}.Release|Any CPU.ActiveCfg = Release|Any CPU
		{DB39E44F-73AF-4ADE-85DC-36D77153FF55}.Release|Any CPU.Build.0 = Release|Any CPU
		{D4D3397C-4372-4C61-9BB9-20642B1A43CF}.Debug|Any CPU.ActiveCfg = Debug|Any CPU
		{D4D3397C-4372-4C61-9BB9-20642B1A43CF}.Debug|Any CPU.Build.0 = Debug|Any CPU
		{D4D3397C-4372-4C61-9BB9-20642B1A43CF}.Release|Any CPU.ActiveCfg = Release|Any CPU
		{D4D3397C-4372-4C61-9BB9-20642B1A43CF}.Release|Any CPU.Build.0 = Release|Any CPU
	EndGlobalSection
	GlobalSection(SolutionProperties) = preSolution
		HideSolutionNode = FALSE
	EndGlobalSection
	GlobalSection(NestedProjects) = preSolution
		{5180B12A-DDA3-4375-BECC-A3910455B6B4} = {56E2B43B-1CBE-46BA-9BEA-7A0E015A0077}
	EndGlobalSection
	GlobalSection(NestedProjects) = preSolution
		{DCE26E65-A201-48BC-9B14-6E24F261F50B} = {73EB2195-46D2-4ED6-8DDC-FD945A9FBFFE}
		{1E8CC2CA-5223-4BE8-9087-0DCF4340846B} = {F756434F-922E-4AA8-AAEE-D5B80E4EC6BB}
		{DB39E44F-73AF-4ADE-85DC-36D77153FF55} = {F756434F-922E-4AA8-AAEE-D5B80E4EC6BB}
		{D4D3397C-4372-4C61-9BB9-20642B1A43CF} = {8577F6E3-6A07-4D59-B2C3-33C7CC414221}
	EndGlobalSection
	GlobalSection(ExtensibilityGlobals) = postSolution
		SolutionGuid = {1389DA98-EFFC-40BC-A486-B5D29B1E48AB}
	EndGlobalSection
EndGlobal
